
Microsoft Visual Studio Solution File, Format Version 12.00
# Visual Studio 2012
Project("{FAE04EC0-301F-11D3-BF4B-00C04F79EFBC}") = "01.Sequence", "01.Sequence\01.Sequence.csproj", "{90B05477-D020-4869-B511-FF1806D1A949}"
EndProject
Project("{FAE04EC0-301F-11D3-BF4B-00C04F79EFBC}") = "02.JoroTheNaughty", "02.JoroTheNaughty\02.JoroTheNaughty.csproj", "{019D04EC-8CE8-4E75-B4A0-A26E424361BC}"
EndProject
Project("{FAE04EC0-301F-11D3-BF4B-00C04F79EFBC}") = "03.ClojureParsing", "03.ClojureParsing\03.ClojureParsing.csproj", "{C6FF4BC7-4AA7-448A-9716-F3A927F79FE3}"
EndProject
Global
	GlobalSection(SolutionConfigurationPlatforms) = preSolution
		Debug|Any CPU = Debug|Any CPU
		Release|Any CPU = Release|Any CPU
	EndGlobalSection
	GlobalSection(ProjectConfigurationPlatforms) = postSolution
		{90B05477-D020-4869-B511-FF1806D1A949}.Debug|Any CPU.ActiveCfg = Debug|Any CPU
		{90B05477-D020-4869-B511-FF1806D1A949}.Debug|Any CPU.Build.0 = Debug|Any CPU
		{90B05477-D020-4869-B511-FF1806D1A949}.Release|Any CPU.ActiveCfg = Release|Any CPU
		{90B05477-D020-4869-B511-FF1806D1A949}.Release|Any CPU.Build.0 = Release|Any CPU
		{019D04EC-8CE8-4E75-B4A0-A26E424361BC}.Debug|Any CPU.ActiveCfg = Debug|Any CPU
		{019D04EC-8CE8-4E75-B4A0-A26E424361BC}.Debug|Any CPU.Build.0 = Debug|Any CPU
		{019D04EC-8CE8-4E75-B4A0-A26E424361BC}.Release|Any CPU.ActiveCfg = Release|Any CPU
		{019D04EC-8CE8-4E75-B4A0-A26E424361BC}.Release|Any CPU.Build.0 = Release|Any CPU
		{C6FF4BC7-4AA7-448A-9716-F3A927F79FE3}.Debug|Any CPU.ActiveCfg = Debug|Any CPU
		{C6FF4BC7-4AA7-448A-9716-F3A927F79FE3}.Debug|Any CPU.Build.0 = Debug|Any CPU
		{C6FF4BC7-4AA7-448A-9716-F3A927F79FE3}.Release|Any CPU.ActiveCfg = Release|Any CPU
		{C6FF4BC7-4AA7-448A-9716-F3A927F79FE3}.Release|Any CPU.Build.0 = Release|Any CPU
	EndGlobalSection
	GlobalSection(SolutionProperties) = preSolution
		HideSolutionNode = FALSE
	EndGlobalSection
EndGlobal
